uuid: 83390a35-24fc-4198-a20d-1fb69326a4bf
langcode: en
status: true
dependencies:
  module:
    - hdbt_content
  theme:
    - hdbt
_core:
  default_config_hash: IsZxrQIR5fs_5xZDQ1BJ8K5LXwiaRAM3Gk-HY4vuVb4
id: footertopblock
theme: hdbt
region: footer_top
weight: -3
provider: null
plugin: footer_top_block
settings:
  id: footer_top_block
  label: 'Footer top block'
  label_display: '0'
  provider: hdbt_content
visibility: {  }
